PODS:
  - AFNetworking (3.1.0):
    - AFNetworking/NSURLSession (= 3.1.0)
    - AFNetworking/Reachability (= 3.1.0)
    - AFNetworking/Security (= 3.1.0)
    - AFNetworking/Serialization (= 3.1.0)
    - AFNetworking/UIKit (= 3.1.0)
  - AFNetworking/NSURLSession (3.1.0):
    - AFNetworking/Reachability
    - AFNetworking/Security
    - AFNetworking/Serialization
  - AFNetworking/Reachability (3.1.0)
  - AFNetworking/Security (3.1.0)
  - AFNetworking/Serialization (3.1.0)
  - AFNetworking/UIKit (3.1.0):
    - AFNetworking/NSURLSession
  - IQKeyboardManager (4.0.8)
  - MBProgressHUD (1.0.0)
  - MJRefresh (3.1.12)
  - Onboard (2.3.1)
  - PYSearch (0.5.9)
  - SDAutoLayout (2.1.7)
  - SDCycleScrollView (1.65):
    - SDWebImage (~> 3.7)
  - SDWebImage (3.8.2):
    - SDWebImage/Core (= 3.8.2)
  - SDWebImage/Core (3.8.2)
  - Toast (3.1.0)
  - WeiboSDK (3.1.4)
  - YYKit (1.0.9):
    - YYKit/no-arc (= 1.0.9)
  - YYKit/no-arc (1.0.9)

DEPENDENCIES:
  - AFNetworking (~> 3.1.0)
  - IQKeyboardManager (~> 4.0.7)
  - MBProgressHUD (~> 1.0.0)
  - MJRefresh (~> 3.1.12)
  - Onboard (~> 2.3.1)
  - PYSearch
  - SDAutoLayout (~> 2.1.7)
  - SDCycleScrollView (~> 1.65)
  - Toast (~> 3.0)
  - WeiboSDK (from `https://github.com/sinaweibosdk/weibo_ios_sdk.git`)
  - YYKit (~> 1.0.9)

EXTERNAL SOURCES:
  WeiboSDK:
    :git: https://github.com/sinaweibosdk/weibo_ios_sdk.git

CHECKOUT OPTIONS:
  WeiboSDK:
    :commit: 3daf7147ddd0fde3b04a61d8d94327d41d0c239c
    :git: https://github.com/sinaweibosdk/weibo_ios_sdk.git

SPEC CHECKSUMS:
  AFNetworking: 5e0e199f73d8626b11e79750991f5d173d1f8b67
  IQKeyboardManager: 1a8189fa153bf09044355ee0ad36826f6767e7f7
  MBProgressHUD: 4890f671c94e8a0f3cf959aa731e9de2f036d71a
  MJRefresh: b96cdb21c4aa75a7b07654311ab2f315c497e806
  Onboard: b6871f25ac753175b2ab9a362fb2feb26a81a311
  PYSearch: ebf4e80b86aa1fc7883872a316d8c74e3764cad7
  SDAutoLayout: e9b36d04b8c0b504762a04d76fbbe5108944297a
  SDCycleScrollView: f72904c77698a7f93a41bcbbc2d78b073bf7326c
  SDWebImage: 098e97e6176540799c27e804c96653ee0833d13c
  Toast: 14a93686d6c8bfe2727afd342414e35660a8a1f3
  WeiboSDK: bceab625ec59b7039ba721cc4ba9f5868804f63e
  YYKit: 7cda43304a8dc3696c449041e2cb3107b4e236e7

PODFILE CHECKSUM: 8ac18f0c179fa1742bdfc7a88213ba3fda7ce102

COCOAPODS: 1.2.0.beta.1
